
Microsoft Visual Studio Solution File, Format Version 12.00
# Visual Studio Version 17
VisualStudioVersion = 17.0.31912.275
MinimumVisualStudioVersion = 10.0.40219.1
Project("{FAE04EC0-301F-11D3-BF4B-00C04F79EFBC}") = "MinimalAPI", "MinimalAPI.csproj", "{88555650-81A2-457B-8565-8F606C018247}"
EndProject
Global
	GlobalSection(SolutionConfigurationPlatforms) = preSolution
		Debug|Any CPU = Debug|Any CPU
		Release|Any CPU = Release|Any CPU
	EndGlobalSection
	GlobalSection(ProjectConfigurationPlatforms) = postSolution
		{88555650-81A2-457B-8565-8F606C018247}.Debug|Any CPU.ActiveCfg = Debug|Any CPU
		{88555650-81A2-457B-8565-8F606C018247}.Debug|Any CPU.Build.0 = Debug|Any CPU
		{88555650-81A2-457B-8565-8F606C018247}.Release|Any CPU.ActiveCfg = Release|Any CPU
		{88555650-81A2-457B-8565-8F606C018247}.Release|Any CPU.Build.0 = Release|Any CPU
	EndGlobalSection
	GlobalSection(SolutionProperties) = preSolution
		HideSolutionNode = FALSE
	EndGlobalSection
	GlobalSection(ExtensibilityGlobals) = postSolution
		SolutionGuid = {393BD9A1-2071-43A6-8227-EA064ECE1F6B}
	EndGlobalSection
EndGlobal
